
Microsoft Visual Studio Solution File, Format Version 12.00
# Visual Studio Version 17
VisualStudioVersion = 17.2.32630.192
MinimumVisualStudioVersion = 10.0.40219.1
Project("{FAE04EC0-301F-11D3-BF4B-00C04F79EFBC}") = "ConsoleApp3", "ConsoleApp3\ConsoleApp3.csproj", "{6C9ECF4E-D168-4E1D-86CE-2E2F9D1137C8}"
EndProject
Project("{FAE04EC0-301F-11D3-BF4B-00C04F79EFBC}") = "Numbers", "Numbers\Numbers.csproj", "{D835CE00-5BF5-4EC0-8D8F-A4B8ABE30ACD}"
EndProject
Global
	GlobalSection(SolutionConfigurationPlatforms) = preSolution
		Debug|Any CPU = Debug|Any CPU
		Release|Any CPU = Release|Any CPU
	EndGlobalSection
	GlobalSection(ProjectConfigurationPlatforms) = postSolution
		{6C9ECF4E-D168-4E1D-86CE-2E2F9D1137C8}.Debug|Any CPU.ActiveCfg = Debug|Any CPU
		{6C9ECF4E-D168-4E1D-86CE-2E2F9D1137C8}.Debug|Any CPU.Build.0 = Debug|Any CPU
		{6C9ECF4E-D168-4E1D-86CE-2E2F9D1137C8}.Release|Any CPU.ActiveCfg = Release|Any CPU
		{6C9ECF4E-D168-4E1D-86CE-2E2F9D1137C8}.Release|Any CPU.Build.0 = Release|Any CPU
		{D835CE00-5BF5-4EC0-8D8F-A4B8ABE30ACD}.Debug|Any CPU.ActiveCfg = Debug|Any CPU
		{D835CE00-5BF5-4EC0-8D8F-A4B8ABE30ACD}.Debug|Any CPU.Build.0 = Debug|Any CPU
		{D835CE00-5BF5-4EC0-8D8F-A4B8ABE30ACD}.Release|Any CPU.ActiveCfg = Release|Any CPU
		{D835CE00-5BF5-4EC0-8D8F-A4B8ABE30ACD}.Release|Any CPU.Build.0 = Release|Any CPU
	EndGlobalSection
	GlobalSection(SolutionProperties) = preSolution
		HideSolutionNode = FALSE
	EndGlobalSection
	GlobalSection(ExtensibilityGlobals) = postSolution
		SolutionGuid = {A6C46824-01EE-482B-8AED-DBF21C2F7713}
	EndGlobalSection
EndGlobal
